
Microsoft Visual Studio Solution File, Format Version 12.00
# Visual Studio 15
Project("{FAE04EC0-301F-11D3-BF4B-00C04F79EFBC}") = "Assembly-CSharp", "Assembly-CSharp.csproj", "{F66BD393-81E7-A4A2-8737-F40FA618FB3A}"
EndProject
Project("{FAE04EC0-301F-11D3-BF4B-00C04F79EFBC}") = "Assembly-CSharp-Editor", "Assembly-CSharp-Editor.csproj", "{6F23FF0C-41F9-4B7C-8F3D-B1FFE257C2D3}"
EndProject
Global
	GlobalSection(SolutionConfigurationPlatforms) = preSolution
		Debug|Any CPU = Debug|Any CPU
		Release|Any CPU = Release|Any CPU
	EndGlobalSection
	GlobalSection(ProjectConfigurationPlatforms) = postSolution
		{F66BD393-81E7-A4A2-8737-F40FA618FB3A}.Debug|Any CPU.ActiveCfg = Debug|Any CPU
		{F66BD393-81E7-A4A2-8737-F40FA618FB3A}.Debug|Any CPU.Build.0 = Debug|Any CPU
		{F66BD393-81E7-A4A2-8737-F40FA618FB3A}.Release|Any CPU.ActiveCfg = Release|Any CPU
		{F66BD393-81E7-A4A2-8737-F40FA618FB3A}.Release|Any CPU.Build.0 = Release|Any CPU
		{6F23FF0C-41F9-4B7C-8F3D-B1FFE257C2D3}.Debug|Any CPU.ActiveCfg = Debug|Any CPU
		{6F23FF0C-41F9-4B7C-8F3D-B1FFE257C2D3}.Debug|Any CPU.Build.0 = Debug|Any CPU
		{6F23FF0C-41F9-4B7C-8F3D-B1FFE257C2D3}.Release|Any CPU.ActiveCfg = Release|Any CPU
		{6F23FF0C-41F9-4B7C-8F3D-B1FFE257C2D3}.Release|Any CPU.Build.0 = Release|Any CPU
	EndGlobalSection
	GlobalSection(SolutionProperties) = preSolution
		HideSolutionNode = FALSE
	EndGlobalSection
EndGlobal
